
Microsoft Visual Studio Solution File, Format Version 12.00
# Visual Studio 15
VisualStudioVersion = 15.0.27428.2027
MinimumVisualStudioVersion = 10.0.40219.1
Project("{FAE04EC0-301F-11D3-BF4B-00C04F79EFBC}") = "HRM.Web.UI", "HRM.Web.UI\HRM.Web.UI.csproj", "{B1B23554-99D2-47F0-A115-91D3057F19CC}"
EndProject
Global
	GlobalSection(SolutionConfigurationPlatforms) = preSolution
		Debug|Any CPU = Debug|Any CPU
		Release|Any CPU = Release|Any CPU
	EndGlobalSection
	GlobalSection(ProjectConfigurationPlatforms) = postSolution
		{B1B23554-99D2-47F0-A115-91D3057F19CC}.Debug|Any CPU.ActiveCfg = Debug|Any CPU
		{B1B23554-99D2-47F0-A115-91D3057F19CC}.Debug|Any CPU.Build.0 = Debug|Any CPU
		{B1B23554-99D2-47F0-A115-91D3057F19CC}.Release|Any CPU.ActiveCfg = Release|Any CPU
		{B1B23554-99D2-47F0-A115-91D3057F19CC}.Release|Any CPU.Build.0 = Release|Any CPU
	EndGlobalSection
	GlobalSection(SolutionProperties) = preSolution
		HideSolutionNode = FALSE
	EndGlobalSection
	GlobalSection(ExtensibilityGlobals) = postSolution
		SolutionGuid = {50D5381B-1D75-48EE-8A0D-DE176DA9113C}
	EndGlobalSection
EndGlobal
